{
    "_readme": [
        "This file locks the dependencies of your project to a known state",
        "Read more about it at https://getcomposer.org/doc/01-basic-usage.md#composer-lock-the-lock-file",
        "This file is @generated automatically"
    ],
    "content-hash": "912e5d54b8dbf010d7fe558dd51da39a",
    "packages": [
        {
            "name": "evanwashkow/object-oriented-wordpress",
            "version": "0.3.1",
            "source": {
                "type": "git",
                "url": "https://github.com/EvanWashkow/object-oriented-wordpress.git",
                "reference": "e24a69aede9955d36c071442a206c4417b54c4f3"
            },
            "dist": {
                "type": "zip",
                "url": "https://api.github.com/repos/EvanWashkow/object-oriented-wordpress/zipball/e24a69aede9955d36c071442a206c4417b54c4f3",
                "reference": "e24a69aede9955d36c071442a206c4417b54c4f3",
                "shasum": ""
            },
            "require": {
                "evanwashkow/php-libraries": "0.4.*",
                "php": ">=7.0"
            },
            "type": "library",
            "autoload": {
                "classmap": [
                    "WordPress.php"
                ],
                "psr-4": {
                    "WordPress\\": [
                        "WordPress"
                    ],
                    "WordPress\\Shared\\": [
                        "WordPress/Shared/interfaces"
                    ]
                }
            },
            "license": [
                "GPL-3.0-or-later"
            ],
            "authors": [
                {
                    "name": "Evan Washkow",
                    "email": "epwashkow@gmail.com",
                    "role": "Developer"
                }
            ],
            "description": "Access all of WordPress in an object-oriented way",
            "support": {
                "source": "https://github.com/EvanWashkow/object-oriented-wordpress/tree/0.3.1",
                "issues": "https://github.com/EvanWashkow/object-oriented-wordpress/issues"
            },
            "time": "2018-03-27T21:34:38+00:00"
        },
        {
            "name": "evanwashkow/php-libraries",
            "version": "0.4.0",
            "source": {
                "type": "git",
                "url": "https://github.com/EvanWashkow/php-libraries.git",
                "reference": "dc91de08868cbb4477dab2d40b7aae47f15652d2"
            },
            "dist": {
                "type": "zip",
                "url": "https://api.github.com/repos/EvanWashkow/php-libraries/zipball/dc91de08868cbb4477dab2d40b7aae47f15652d2",
                "reference": "dc91de08868cbb4477dab2d40b7aae47f15652d2",
                "shasum": ""
            },
            "require": {
                "php": ">=7.0"
            },
            "type": "library",
            "autoload": {
                "files": [
                    "PHP/functions.php"
                ],
                "psr-4": {
                    "PHP\\": "PHP/"
                }
            },
            "license": [
                "GPL-3.0-or-later"
            ],
            "authors": [
                {
                    "name": "Evan Washkow",
                    "email": "epwashkow@gmail.com",
                    "role": "Developer"
                }
            ],
            "description": "Foundational shared libraries for PHP",
            "support": {
                "source": "https://github.com/EvanWashkow/php-libraries/tree/0.4.0",
                "issues": "https://github.com/EvanWashkow/php-libraries/issues"
            },
            "time": "2018-03-27T20:16:55+00:00"
        }
    ],
    "packages-dev": [],
    "aliases": [],
    "minimum-stability": "stable",
    "stability-flags": [],
    "prefer-stable": false,
    "prefer-lowest": false,
    "platform": {
        "php": ">=5.4"
    },
    "platform-dev": []
}
