{
    "_readme": [
        "This file locks the dependencies of your project to a known state",
        "Read more about it at https://getcomposer.org/doc/01-basic-usage.md#composer-lock-the-lock-file",
        "This file is @generated automatically"
    ],
    "content-hash": "49f0cac2c36def624bad09fa5222a1e2",
    "packages": [
        {
            "name": "evanwashkow/object-oriented-wordpress",
            "version": "dev-php-libraries-0.8.0",
            "source": {
                "type": "git",
                "url": "https://github.com/EvanWashkow/object-oriented-wordpress.git",
                "reference": "7b109893689594a9d51e9f5cb50afc67fca44173"
            },
            "dist": {
                "type": "zip",
                "url": "https://api.github.com/repos/EvanWashkow/object-oriented-wordpress/zipball/7b109893689594a9d51e9f5cb50afc67fca44173",
                "reference": "7b109893689594a9d51e9f5cb50afc67fca44173",
                "shasum": ""
            },
            "require": {
                "evanwashkow/php-libraries": "dev-rework-collections",
                "php": ">=7.0"
            },
            "type": "library",
            "autoload": {
                "classmap": [
                    "WordPress.php"
                ],
                "psr-4": {
                    "WordPress\\": [
                        "WordPress"
                    ],
                    "WordPress\\Shared\\": [
                        "WordPress/Shared/interfaces"
                    ]
                }
            },
            "license": [
                "GPL-3.0-or-later"
            ],
            "authors": [
                {
                    "name": "Evan Washkow",
                    "email": "epwashkow@gmail.com",
                    "role": "Developer"
                }
            ],
            "description": "Access all of WordPress in an object-oriented way",
            "support": {
                "source": "https://github.com/EvanWashkow/object-oriented-wordpress/tree/php-libraries-0.8.0",
                "issues": "https://github.com/EvanWashkow/object-oriented-wordpress/issues"
            },
            "time": "2019-01-11 18:27:34"
        },
        {
            "name": "evanwashkow/php-libraries",
            "version": "dev-rework-collections",
            "source": {
                "type": "git",
                "url": "https://github.com/EvanWashkow/php-libraries.git",
                "reference": "b4aa10e89c997fee291c597854e2ce687288e936"
            },
            "dist": {
                "type": "zip",
                "url": "https://api.github.com/repos/EvanWashkow/php-libraries/zipball/b4aa10e89c997fee291c597854e2ce687288e936",
                "reference": "b4aa10e89c997fee291c597854e2ce687288e936",
                "shasum": ""
            },
            "require": {
                "php": ">=7.0"
            },
            "require-dev": {
                "phpunit/phpunit": "^7"
            },
            "type": "library",
            "autoload": {
                "files": [
                    "PHP/functions.php"
                ],
                "psr-4": {
                    "PHP\\": "PHP/"
                }
            },
            "license": [
                "GPL-3.0-or-later"
            ],
            "authors": [
                {
                    "name": "Evan Washkow",
                    "email": "epwashkow@gmail.com",
                    "role": "Developer"
                }
            ],
            "description": "Foundational shared libraries for PHP",
            "support": {
                "source": "https://github.com/EvanWashkow/php-libraries/tree/rework-collections",
                "issues": "https://github.com/EvanWashkow/php-libraries/issues"
            },
            "time": "2019-01-11 17:26:39"
        }
    ],
    "packages-dev": [],
    "aliases": [],
    "minimum-stability": "stable",
    "stability-flags": {
        "evanwashkow/object-oriented-wordpress": 20,
        "evanwashkow/php-libraries": 20
    },
    "prefer-stable": false,
    "prefer-lowest": false,
    "platform": {
        "php": ">=5.4"
    },
    "platform-dev": []
}
