{
    "_readme": [
        "This file locks the dependencies of your project to a known state",
        "Read more about it at https://getcomposer.org/doc/01-basic-usage.md#composer-lock-the-lock-file",
        "This file is @generated automatically"
    ],
    "content-hash": "f6ac1a7748af2b19d843da43fa1798b8",
    "packages": [
        {
            "name": "evanwashkow/object-oriented-wordpress",
            "version": "0.3.5",
            "source": {
                "type": "git",
                "url": "https://github.com/EvanWashkow/object-oriented-wordpress.git",
                "reference": "f66af520c7d1e3b4cbc35b777dd18944ac43a1d2"
            },
            "dist": {
                "type": "zip",
                "url": "https://api.github.com/repos/EvanWashkow/object-oriented-wordpress/zipball/f66af520c7d1e3b4cbc35b777dd18944ac43a1d2",
                "reference": "f66af520c7d1e3b4cbc35b777dd18944ac43a1d2",
                "shasum": ""
            },
            "require": {
                "evanwashkow/php-libraries": "0.6.0",
                "php": ">=7.0"
            },
            "type": "library",
            "autoload": {
                "classmap": [
                    "WordPress.php"
                ],
                "psr-4": {
                    "WordPress\\": [
                        "WordPress"
                    ],
                    "WordPress\\Shared\\": [
                        "WordPress/Shared/interfaces"
                    ]
                }
            },
            "license": [
                "GPL-3.0-or-later"
            ],
            "authors": [
                {
                    "name": "Evan Washkow",
                    "email": "epwashkow@gmail.com",
                    "role": "Developer"
                }
            ],
            "description": "Access all of WordPress in an object-oriented way",
            "support": {
                "source": "https://github.com/EvanWashkow/object-oriented-wordpress/tree/v0.3.5",
                "issues": "https://github.com/EvanWashkow/object-oriented-wordpress/issues"
            },
            "time": "2018-06-22T20:31:23+00:00"
        },
        {
            "name": "evanwashkow/php-libraries",
            "version": "0.6.0",
            "source": {
                "type": "git",
                "url": "https://github.com/EvanWashkow/php-libraries.git",
                "reference": "fe52deba6e436cb6ee93d06c30156314b3051e94"
            },
            "dist": {
                "type": "zip",
                "url": "https://api.github.com/repos/EvanWashkow/php-libraries/zipball/fe52deba6e436cb6ee93d06c30156314b3051e94",
                "reference": "fe52deba6e436cb6ee93d06c30156314b3051e94",
                "shasum": ""
            },
            "require": {
                "php": ">=7.0"
            },
            "type": "library",
            "autoload": {
                "files": [
                    "PHP/functions.php"
                ],
                "psr-4": {
                    "PHP\\": "PHP/"
                }
            },
            "license": [
                "GPL-3.0-or-later"
            ],
            "authors": [
                {
                    "name": "Evan Washkow",
                    "email": "epwashkow@gmail.com",
                    "role": "Developer"
                }
            ],
            "description": "Foundational shared libraries for PHP",
            "support": {
                "source": "https://github.com/EvanWashkow/php-libraries/tree/v0.6.0",
                "issues": "https://github.com/EvanWashkow/php-libraries/issues"
            },
            "time": "2018-06-22T20:24:29+00:00"
        }
    ],
    "packages-dev": [],
    "aliases": [],
    "minimum-stability": "stable",
    "stability-flags": [],
    "prefer-stable": false,
    "prefer-lowest": false,
    "platform": {
        "php": ">=5.4"
    },
    "platform-dev": []
}
